
Microsoft Visual Studio Solution File, Format Version 12.00
# Visual Studio Version 17
VisualStudioVersion = 17.5.33502.453
MinimumVisualStudioVersion = 10.0.40219.1
Project("{FAE04EC0-301F-11D3-BF4B-00C04F79EFBC}") = "HRWeb", "HRWeb\HRWeb.csproj", "{2027251E-D027-45A6-97EE-7305E878F410}"
EndProject
Project("{FAE04EC0-301F-11D3-BF4B-00C04F79EFBC}") = "HRApi", "HRApi\HRApi.csproj", "{D2CEA4D1-C4D5-4061-833B-5DC9038F06CE}"
EndProject
Global
	GlobalSection(SolutionConfigurationPlatforms) = preSolution
		Debug|Any CPU = Debug|Any CPU
		Release|Any CPU = Release|Any CPU
	EndGlobalSection
	GlobalSection(ProjectConfigurationPlatforms) = postSolution
		{2027251E-D027-45A6-97EE-7305E878F410}.Debug|Any CPU.ActiveCfg = Debug|Any CPU
		{2027251E-D027-45A6-97EE-7305E878F410}.Debug|Any CPU.Build.0 = Debug|Any CPU
		{2027251E-D027-45A6-97EE-7305E878F410}.Release|Any CPU.ActiveCfg = Release|Any CPU
		{2027251E-D027-45A6-97EE-7305E878F410}.Release|Any CPU.Build.0 = Release|Any CPU
		{D2CEA4D1-C4D5-4061-833B-5DC9038F06CE}.Debug|Any CPU.ActiveCfg = Debug|Any CPU
		{D2CEA4D1-C4D5-4061-833B-5DC9038F06CE}.Debug|Any CPU.Build.0 = Debug|Any CPU
		{D2CEA4D1-C4D5-4061-833B-5DC9038F06CE}.Release|Any CPU.ActiveCfg = Release|Any CPU
		{D2CEA4D1-C4D5-4061-833B-5DC9038F06CE}.Release|Any CPU.Build.0 = Release|Any CPU
	EndGlobalSection
	GlobalSection(SolutionProperties) = preSolution
		HideSolutionNode = FALSE
	EndGlobalSection
	GlobalSection(ExtensibilityGlobals) = postSolution
		SolutionGuid = {8260CA31-F8F6-4F10-A90F-D29AC3DD09D9}
	EndGlobalSection
EndGlobal
